
Microsoft Visual Studio Solution File, Format Version 12.00
# Visual Studio Version 17
VisualStudioVersion = 17.8.34330.188
MinimumVisualStudioVersion = 10.0.40219.1
Project("{FAE04EC0-301F-11D3-BF4B-00C04F79EFBC}") = "Lab 1", "Lab 1.csproj", "{2397F183-4FA1-4F59-A3AD-AA49A808CD1A}"
EndProject
Global
	GlobalSection(SolutionConfigurationPlatforms) = preSolution
		Debug|Any CPU = Debug|Any CPU
		Release|Any CPU = Release|Any CPU
	EndGlobalSection
	GlobalSection(ProjectConfigurationPlatforms) = postSolution
		{2397F183-4FA1-4F59-A3AD-AA49A808CD1A}.Debug|Any CPU.ActiveCfg = Debug|Any CPU
		{2397F183-4FA1-4F59-A3AD-AA49A808CD1A}.Debug|Any CPU.Build.0 = Debug|Any CPU
		{2397F183-4FA1-4F59-A3AD-AA49A808CD1A}.Release|Any CPU.ActiveCfg = Release|Any CPU
		{2397F183-4FA1-4F59-A3AD-AA49A808CD1A}.Release|Any CPU.Build.0 = Release|Any CPU
	EndGlobalSection
	GlobalSection(SolutionProperties) = preSolution
		HideSolutionNode = FALSE
	EndGlobalSection
	GlobalSection(ExtensibilityGlobals) = postSolution
		SolutionGuid = {6D1D4BBB-0217-46B2-8AA1-0BC833FFAA13}
	EndGlobalSection
EndGlobal
